# THIS IS AN AUTOGENERATED FILE. DO NOT EDIT THIS FILE DIRECTLY.
# yarn lockfile v1


apollo-utilities@^1.0.15:
  version "1.0.15"
  resolved "https://registry.yarnpkg.com/apollo-utilities/-/apollo-utilities-1.0.15.tgz#8f1ba6e4ed9b92cb0de2ce7c032315a768860aae"
  dependencies:
    fast-json-stable-stringify "^2.0.0"

fast-json-stable-stringify@^2.0.0:
  version "2.0.0"
  resolved "https://registry.yarnpkg.com/fast-json-stable-stringify/-/fast-json-stable-stringify-2.0.0.tgz#d5142c0caee6b1189f87d3a76111064f86c8bbf2"
